
Microsoft Visual Studio Solution File, Format Version 12.00
# Visual Studio Version 17
VisualStudioVersion = 17.11.35312.102
MinimumVisualStudioVersion = 10.0.40219.1
Project("{FAE04EC0-301F-11D3-BF4B-00C04F79EFBC}") = "SimpleContactManager", "SimpleContactManager\SimpleContactManager.csproj", "{67B70CC8-587D-49E4-9313-B31518904722}"
EndProject
Global
	GlobalSection(SolutionConfigurationPlatforms) = preSolution
		Debug|Any CPU = Debug|Any CPU
		Release|Any CPU = Release|Any CPU
	EndGlobalSection
	GlobalSection(ProjectConfigurationPlatforms) = postSolution
		{67B70CC8-587D-49E4-9313-B31518904722}.Debug|Any CPU.ActiveCfg = Debug|Any CPU
		{67B70CC8-587D-49E4-9313-B31518904722}.Debug|Any CPU.Build.0 = Debug|Any CPU
		{67B70CC8-587D-49E4-9313-B31518904722}.Release|Any CPU.ActiveCfg = Release|Any CPU
		{67B70CC8-587D-49E4-9313-B31518904722}.Release|Any CPU.Build.0 = Release|Any CPU
	EndGlobalSection
	GlobalSection(SolutionProperties) = preSolution
		HideSolutionNode = FALSE
	EndGlobalSection
	GlobalSection(ExtensibilityGlobals) = postSolution
		SolutionGuid = {AC1F5853-50C5-462D-B676-980C59F1FE7A}
	EndGlobalSection
EndGlobal
